
Microsoft Visual Studio Solution File, Format Version 12.00
# Visual Studio 15
VisualStudioVersion = 15.0.28307.539
MinimumVisualStudioVersion = 10.0.40219.1
Project("{FAE04EC0-301F-11D3-BF4B-00C04F79EFBC}") = "DNF-Utils", "DNF-Utils\DNF-Utils.csproj", "{38544EB5-3E56-4DD6-B9A8-721B6AD82475}"
	ProjectSection(ProjectDependencies) = postProject
		{66828086-7A8D-4983-8BDF-C2BD324DAD9F} = {66828086-7A8D-4983-8BDF-C2BD324DAD9F}
	EndProjectSection
EndProject
Project("{FAE04EC0-301F-11D3-BF4B-00C04F79EFBC}") = "DNF-Redirect", "DNF-Redirect\DNF-Redirect.csproj", "{66828086-7A8D-4983-8BDF-C2BD324DAD9F}"
EndProject
Global
	GlobalSection(SolutionConfigurationPlatforms) = preSolution
		Debug|Any CPU = Debug|Any CPU
		Release|Any CPU = Release|Any CPU
	EndGlobalSection
	GlobalSection(ProjectConfigurationPlatforms) = postSolution
		{38544EB5-3E56-4DD6-B9A8-721B6AD82475}.Debug|Any CPU.ActiveCfg = Debug|Any CPU
		{38544EB5-3E56-4DD6-B9A8-721B6AD82475}.Debug|Any CPU.Build.0 = Debug|Any CPU
		{38544EB5-3E56-4DD6-B9A8-721B6AD82475}.Release|Any CPU.ActiveCfg = Release|Any CPU
		{38544EB5-3E56-4DD6-B9A8-721B6AD82475}.Release|Any CPU.Build.0 = Release|Any CPU
		{66828086-7A8D-4983-8BDF-C2BD324DAD9F}.Debug|Any CPU.ActiveCfg = Debug|Any CPU
		{66828086-7A8D-4983-8BDF-C2BD324DAD9F}.Debug|Any CPU.Build.0 = Debug|Any CPU
		{66828086-7A8D-4983-8BDF-C2BD324DAD9F}.Release|Any CPU.ActiveCfg = Release|Any CPU
		{66828086-7A8D-4983-8BDF-C2BD324DAD9F}.Release|Any CPU.Build.0 = Release|Any CPU
	EndGlobalSection
	GlobalSection(SolutionProperties) = preSolution
		HideSolutionNode = FALSE
	EndGlobalSection
	GlobalSection(ExtensibilityGlobals) = postSolution
		SolutionGuid = {944B33EC-8E55-491F-90F8-7A1031501E06}
	EndGlobalSection
EndGlobal
